
Microsoft Visual Studio Solution File, Format Version 12.00
# Visual Studio Version 17
VisualStudioVersion = 17.7.34302.85
MinimumVisualStudioVersion = 10.0.40219.1
Project("{FAE04EC0-301F-11D3-BF4B-00C04F79EFBC}") = "CentralSIG", "CentralSIG.csproj", "{7150C94D-A340-4455-8084-93F0046391A0}"
EndProject
Project("{FAE04EC0-301F-11D3-BF4B-00C04F79EFBC}") = "BibliotecasSIG", "..\BibliotecasSIG\BibliotecasSIG\BibliotecasSIG.csproj", "{894B3E19-8B96-32B5-7879-F8352B0B74A2}"
EndProject
Global
	GlobalSection(SolutionConfigurationPlatforms) = preSolution
		Debug|Any CPU = Debug|Any CPU
		Release|Any CPU = Release|Any CPU
	EndGlobalSection
	GlobalSection(ProjectConfigurationPlatforms) = postSolution
		{7150C94D-A340-4455-8084-93F0046391A0}.Debug|Any CPU.ActiveCfg = Debug|Any CPU
		{7150C94D-A340-4455-8084-93F0046391A0}.Debug|Any CPU.Build.0 = Debug|Any CPU
		{7150C94D-A340-4455-8084-93F0046391A0}.Release|Any CPU.ActiveCfg = Release|Any CPU
		{7150C94D-A340-4455-8084-93F0046391A0}.Release|Any CPU.Build.0 = Release|Any CPU
		{894B3E19-8B96-32B5-7879-F8352B0B74A2}.Debug|Any CPU.ActiveCfg = Debug|Any CPU
		{894B3E19-8B96-32B5-7879-F8352B0B74A2}.Debug|Any CPU.Build.0 = Debug|Any CPU
		{894B3E19-8B96-32B5-7879-F8352B0B74A2}.Release|Any CPU.ActiveCfg = Release|Any CPU
		{894B3E19-8B96-32B5-7879-F8352B0B74A2}.Release|Any CPU.Build.0 = Release|Any CPU
	EndGlobalSection
	GlobalSection(SolutionProperties) = preSolution
		HideSolutionNode = FALSE
	EndGlobalSection
	GlobalSection(ExtensibilityGlobals) = postSolution
		SolutionGuid = {45656383-AC3A-4495-8A8A-2E7A92C4A7BA}
	EndGlobalSection
EndGlobal
